PODS:
  - Masonry (1.1.0)
  - MercuryQNSDK (1.0.0.4)
  - SDWebImage (5.15.6):
    - SDWebImage/Core (= 5.15.6)
  - SDWebImage/Core (5.15.6)

DEPENDENCIES:
  - Masonry
  - MercuryQNSDK (from `../`)
  - SDWebImage

SPEC REPOS:
  https://github.com/CocoaPods/Specs.git:
    - Masonry
    - SDWebImage

EXTERNAL SOURCES:
  MercuryQNSDK:
    :path: "../"

SPEC CHECKSUMS:
  Masonry: 678fab65091a9290e40e2832a55e7ab731aad201
  MercuryQNSDK: dc7043a206b876481765515a89b02d847200dbad
  SDWebImage: d47d81bea8a77187896b620dc79c3c528e8906b9

PODFILE CHECKSUM: 28d7bc9554435475ba0a06485a5ff12392a0b2bc

COCOAPODS: 1.11.2
